
Microsoft Visual Studio Solution File, Format Version 12.00
# Visual Studio 15
VisualStudioVersion = 15.0.27004.2005
MinimumVisualStudioVersion = 10.0.40219.1
Project("{FAE04EC0-301F-11D3-BF4B-00C04F79EFBC}") = "FileWatcher.Test", "FileWatcher.Test\FileWatcher.Test.csproj", "{BB6562BA-A04D-430F-AA75-6C466981D3DB}"
EndProject
Global
	GlobalSection(SolutionConfigurationPlatforms) = preSolution
		Debug|Any CPU = Debug|Any CPU
		Release|Any CPU = Release|Any CPU
	EndGlobalSection
	GlobalSection(ProjectConfigurationPlatforms) = postSolution
		{BB6562BA-A04D-430F-AA75-6C466981D3DB}.Debug|Any CPU.ActiveCfg = Debug|Any CPU
		{BB6562BA-A04D-430F-AA75-6C466981D3DB}.Debug|Any CPU.Build.0 = Debug|Any CPU
		{BB6562BA-A04D-430F-AA75-6C466981D3DB}.Release|Any CPU.ActiveCfg = Release|Any CPU
		{BB6562BA-A04D-430F-AA75-6C466981D3DB}.Release|Any CPU.Build.0 = Release|Any CPU
	EndGlobalSection
	GlobalSection(SolutionProperties) = preSolution
		HideSolutionNode = FALSE
	EndGlobalSection
	GlobalSection(ExtensibilityGlobals) = postSolution
		SolutionGuid = {377CF87D-9688-4EE7-91E9-D1851177C296}
	EndGlobalSection
EndGlobal
